
Microsoft Visual Studio Solution File, Format Version 12.00
# Visual Studio Version 17
VisualStudioVersion = 17.1.32210.238
MinimumVisualStudioVersion = 10.0.40219.1
Project("{FAE04EC0-301F-11D3-BF4B-00C04F79EFBC}") = "animekızıcanlandırıcı", "animekızıcanlandırıcı\animekızıcanlandırıcı.csproj", "{849D7B30-AD4D-48AF-95E1-B7B39FE98CD2}"
EndProject
Global
	GlobalSection(SolutionConfigurationPlatforms) = preSolution
		Debug|Any CPU = Debug|Any CPU
		Release|Any CPU = Release|Any CPU
	EndGlobalSection
	GlobalSection(ProjectConfigurationPlatforms) = postSolution
		{849D7B30-AD4D-48AF-95E1-B7B39FE98CD2}.Debug|Any CPU.ActiveCfg = Debug|Any CPU
		{849D7B30-AD4D-48AF-95E1-B7B39FE98CD2}.Debug|Any CPU.Build.0 = Debug|Any CPU
		{849D7B30-AD4D-48AF-95E1-B7B39FE98CD2}.Release|Any CPU.ActiveCfg = Release|Any CPU
		{849D7B30-AD4D-48AF-95E1-B7B39FE98CD2}.Release|Any CPU.Build.0 = Release|Any CPU
	EndGlobalSection
	GlobalSection(SolutionProperties) = preSolution
		HideSolutionNode = FALSE
	EndGlobalSection
	GlobalSection(ExtensibilityGlobals) = postSolution
		SolutionGuid = {C2379A9A-A235-4430-B0AC-B43309221770}
	EndGlobalSection
EndGlobal
